Microsoft Visual Studio Solution File, Format Version 12.00
# Visual Studio Version 17
VisualStudioVersion = 17.5.2.0
MinimumVisualStudioVersion = 10.0.40219.1
Project("{FAE04EC0-301F-11D3-BF4B-00C04F79EFBC}") = "LonginKP3", "LonginKP3.csproj", "{07026342-23BA-1536-2125-D06AE8E484FF}"
EndProject
Global
	GlobalSection(SolutionConfigurationPlatforms) = preSolution
		Debug|Any CPU = Debug|Any CPU
		Release|Any CPU = Release|Any CPU
	EndGlobalSection
	GlobalSection(ProjectConfigurationPlatforms) = postSolution
		{07026342-23BA-1536-2125-D06AE8E484FF}.Debug|Any CPU.ActiveCfg = Debug|Any CPU
		{07026342-23BA-1536-2125-D06AE8E484FF}.Debug|Any CPU.Build.0 = Debug|Any CPU
		{07026342-23BA-1536-2125-D06AE8E484FF}.Release|Any CPU.ActiveCfg = Release|Any CPU
		{07026342-23BA-1536-2125-D06AE8E484FF}.Release|Any CPU.Build.0 = Release|Any CPU
	EndGlobalSection
	GlobalSection(SolutionProperties) = preSolution
		HideSolutionNode = FALSE
	EndGlobalSection
	GlobalSection(ExtensibilityGlobals) = postSolution
		SolutionGuid = {1D998F41-187B-48A6-A07F-655F3B0D90C9}
	EndGlobalSection
EndGlobal
